// !$*UTF8*$!
{
	archiveVersion = 1;
	classes = {
	};
	objectVersion = 48;
	objects = {

/* Begin PBXBuildFile section */
		5994AF5820063A9600740549 /* AppDelegate.swift in Sources */ = {isa = PBXBuildFile; fileRef = 5994AF5720063A9600740549 /* AppDelegate.swift */; };
		5994AF5A20063A9600740549 /* ViewController.swift in Sources */ = {isa = PBXBuildFile; fileRef = 5994AF5920063A9600740549 /* ViewController.swift */; };
		5994AF5D20063A9600740549 /* Main.storyboard in Resources */ = {isa = PBXBuildFile; fileRef = 5994AF5B20063A9600740549 /* Main.storyboard */; };
		5994AF5F20063A9600740549 /* Assets.xcassets in Resources */ = {isa = PBXBuildFile; fileRef = 5994AF5E20063A9600740549 /* Assets.xcassets */; };
		5994AF6220063A9600740549 /* LaunchScreen.storyboard in Resources */ = {isa = PBXBuildFile; fileRef = 5994AF6020063A9600740549 /* LaunchScreen.storyboard */; };
		5994AF6B20063D8600740549 /* CoreLocation.framework in Frameworks */ = {isa = PBXBuildFile; fileRef = 5994AF6A20063D8600740549 /* CoreLocation.framework */; };
		5994AF6D20063D8D00740549 /* MapKit.framework in Frameworks */ = {isa = PBXBuildFile; fileRef = 5994AF6C20063D8D00740549 /* MapKit.framework */; };
		5994AF6F200652F000740549 /* AudioToolbox.framework in Frameworks */ = {isa = PBXBuildFile; fileRef = 5994AF6E200652F000740549 /* AudioToolbox.framework */; };
		59C2BC232014658100F14C19 /* sample_sound.mp3 in Resources */ = {isa = PBXBuildFile; fileRef = 59C2BC222014658100F14C19 /* sample_sound.mp3 */; };
		59C2BC252014690400F14C19 /* alarm.mp3 in Resources */ = {isa = PBXBuildFile; fileRef = 59C2BC242014690400F14C19 /* alarm.mp3 */; };
		59C2BC2720146B4600F14C19 /* UserNotifications.framework in Frameworks */ = {isa = PBXBuildFile; fileRef = 59C2BC2620146B4600F14C19 /* UserNotifications.framework */; };
/* End PBXBuildFile section */

/* Begin PBXFileReference section */
		5994AF5420063A9600740549 /* TrainAlarm.app */ = {isa = PBXFileReference; explicitFileType = wrapper.application; includeInIndex = 0; path = TrainAlarm.app; sourceTree = BUILT_PRODUCTS_DIR; };
		5994AF5720063A9600740549 /* AppDelegate.swift */ = {isa = PBXFileReference; lastKnownFileType = sourcecode.swift; path = AppDelegate.swift; sourceTree = "<group>"; };
		5994AF5920063A9600740549 /* ViewController.swift */ = {isa = PBXFileReference; lastKnownFileType = sourcecode.swift; path = ViewController.swift; sourceTree = "<group>"; };
		5994AF5C20063A9600740549 /* Base */ = {isa = PBXFileReference; lastKnownFileType = file.storyboard; name = Base; path = Base.lproj/Main.storyboard; sourceTree = "<group>"; };
		5994AF5E20063A9600740549 /* Assets.xcassets */ = {isa = PBXFileReference; lastKnownFileType = folder.assetcatalog; path = Assets.xcassets; sourceTree = "<group>"; };
		5994AF6120063A9600740549 /* Base */ = {isa = PBXFileReference; lastKnownFileType = file.storyboard; name = Base; path = Base.lproj/LaunchScreen.storyboard; sourceTree = "<group>"; };
		5994AF6320063A9600740549 /* Info.plist */ = {isa = PBXFileReference; lastKnownFileType = text.plist.xml; path = Info.plist; sourceTree = "<group>"; };
		5994AF6A20063D8600740549 /* CoreLocation.framework */ = {isa = PBXFileReference; lastKnownFileType = wrapper.framework; name = CoreLocation.framework; path = System/Library/Frameworks/CoreLocation.framework; sourceTree = SDKROOT; };
		5994AF6C20063D8D00740549 /* MapKit.framework */ = {isa = PBXFileReference; lastKnownFileType = wrapper.framework; name = MapKit.framework; path = System/Library/Frameworks/MapKit.framework; sourceTree = SDKROOT; };
		5994AF6E200652F000740549 /* AudioToolbox.framework */ = {isa = PBXFileReference; lastKnownFileType = wrapper.framework; name = AudioToolbox.framework; path = System/Library/Frameworks/AudioToolbox.framework; sourceTree = SDKROOT; };
		59C2BC222014658100F14C19 /* sample_sound.mp3 */ = {isa = PBXFileReference; lastKnownFileType = audio.mp3; path = sample_sound.mp3; sourceTree = "<group>"; };
		59C2BC242014690400F14C19 /* alarm.mp3 */ = {isa = PBXFileReference; lastKnownFileType = audio.mp3; path = alarm.mp3; sourceTree = "<group>"; };
		59C2BC2620146B4600F14C19 /* UserNotifications.framework */ = {isa = PBXFileReference; lastKnownFileType = wrapper.framework; name = UserNotifications.framework; path = System/Library/Frameworks/UserNotifications.framework; sourceTree = SDKROOT; };
/* End PBXFileReference section */

/* Begin PBXFrameworksBuildPhase section */
		5994AF5120063A9600740549 /* Frameworks */ = {
			isa = PBXFrameworksBuildPhase;
			buildActionMask = 2147483647;
			files = (
				59C2BC2720146B4600F14C19 /* UserNotifications.framework in Frameworks */,
				5994AF6F200652F000740549 /* AudioToolbox.framework in Frameworks */,
				5994AF6D20063D8D00740549 /* MapKit.framework in Frameworks */,
				5994AF6B20063D8600740549 /* CoreLocation.framework in Frameworks */,
			);
			runOnlyForDeploymentPostprocessing = 0;
		};
/* End PBXFrameworksBuildPhase section */

/* Begin PBXGroup section */
		5994AF4B20063A9600740549 = {
			isa = PBXGroup;
			children = (
				5994AF5620063A9600740549 /* TrainAlarm */,
				5994AF5520063A9600740549 /* Products */,
				5994AF6920063D8600740549 /* Frameworks */,
			);
			sourceTree = "<group>";
		};
		5994AF5520063A9600740549 /* Products */ = {
			isa = PBXGroup;
			children = (
				5994AF5420063A9600740549 /* TrainAlarm.app */,
			);
			name = Products;
			sourceTree = "<group>";
		};
		5994AF5620063A9600740549 /* TrainAlarm */ = {
			isa = PBXGroup;
			children = (
				59C2BC242014690400F14C19 /* alarm.mp3 */,
				5994AF5720063A9600740549 /* AppDelegate.swift */,
				5994AF5920063A9600740549 /* ViewController.swift */,
				5994AF5B20063A9600740549 /* Main.storyboard */,
				5994AF5E20063A9600740549 /* Assets.xcassets */,
				5994AF6020063A9600740549 /* LaunchScreen.storyboard */,
				5994AF6320063A9600740549 /* Info.plist */,
				59C2BC222014658100F14C19 /* sample_sound.mp3 */,
			);
			path = TrainAlarm;
			sourceTree = "<group>";
		};
		5994AF6920063D8600740549 /* Frameworks */ = {
			isa = PBXGroup;
			children = (
				59C2BC2620146B4600F14C19 /* UserNotifications.framework */,
				5994AF6E200652F000740549 /* AudioToolbox.framework */,
				5994AF6C20063D8D00740549 /* MapKit.framework */,
				5994AF6A20063D8600740549 /* CoreLocation.framework */,
			);
			name = Frameworks;
			sourceTree = "<group>";
		};
/* End PBXGroup section */

/* Begin PBXNativeTarget section */
		5994AF5320063A9600740549 /* TrainAlarm */ = {
			isa = PBXNativeTarget;
			buildConfigurationList = 5994AF6620063A9600740549 /* Build configuration list for PBXNativeTarget "TrainAlarm" */;
			buildPhases = (
				5994AF5020063A9600740549 /* Sources */,
				5994AF5120063A9600740549 /* Frameworks */,
				5994AF5220063A9600740549 /* Resources */,
			);
			buildRules = (
			);
			dependencies = (
			);
			name = TrainAlarm;
			productName = TrainAlarm;
			productReference = 5994AF5420063A9600740549 /* TrainAlarm.app */;
			productType = "com.apple.product-type.application";
		};
/* End PBXNativeTarget section */

/* Begin PBXProject section */
		5994AF4C20063A9600740549 /* Project object */ = {
			isa = PBXProject;
			attributes = {
				LastSwiftUpdateCheck = 0920;
				LastUpgradeCheck = 0920;
				ORGANIZATIONNAME = Yoshiomi;
				TargetAttributes = {
					5994AF5320063A9600740549 = {
						CreatedOnToolsVersion = 9.2;
						ProvisioningStyle = Automatic;
						SystemCapabilities = {
							com.apple.BackgroundModes = {
								enabled = 1;
							};
						};
					};
				};
			};
			buildConfigurationList = 5994AF4F20063A9600740549 /* Build configuration list for PBXProject "TrainAlarm" */;
			compatibilityVersion = "Xcode 8.0";
			developmentRegion = en;
			hasScannedForEncodings = 0;
			knownRegions = (
				en,
				Base,
			);
			mainGroup = 5994AF4B20063A9600740549;
			productRefGroup = 5994AF5520063A9600740549 /* Products */;
			projectDirPath = "";
			projectRoot = "";
			targets = (
				5994AF5320063A9600740549 /* TrainAlarm */,
			);
		};
/* End PBXProject section */

/* Begin PBXResourcesBuildPhase section */
		5994AF5220063A9600740549 /* Resources */ = {
			isa = PBXResourcesBuildPhase;
			buildActionMask = 2147483647;
			files = (
				59C2BC232014658100F14C19 /* sample_sound.mp3 in Resources */,
				5994AF6220063A9600740549 /* LaunchScreen.storyboard in Resources */,
				5994AF5F20063A9600740549 /* Assets.xcassets in Resources */,
				5994AF5D20063A9600740549 /* Main.storyboard in Resources */,
				59C2BC252014690400F14C19 /* alarm.mp3 in Resources */,
			);
			runOnlyForDeploymentPostprocessing = 0;
		};
/* End PBXResourcesBuildPhase section */

/* Begin PBXSourcesBuildPhase section */
		5994AF5020063A9600740549 /* Sources */ = {
			isa = PBXSourcesBuildPhase;
			buildActionMask = 2147483647;
			files = (
				5994AF5A20063A9600740549 /* ViewController.swift in Sources */,
				5994AF5820063A9600740549 /* AppDelegate.swift in Sources */,
			);
			runOnlyForDeploymentPostprocessing = 0;
		};
/* End PBXSourcesBuildPhase section */

/* Begin PBXVariantGroup section */
		5994AF5B20063A9600740549 /* Main.storyboard */ = {
			isa = PBXVariantGroup;
			children = (
				5994AF5C20063A9600740549 /* Base */,
			);
			name = Main.storyboard;
			sourceTree = "<group>";
		};
		5994AF6020063A9600740549 /* LaunchScreen.storyboard */ = {
			isa = PBXVariantGroup;
			children = (
				5994AF6120063A9600740549 /* Base */,
			);
			name = LaunchScreen.storyboard;
			sourceTree = "<group>";
		};
/* End PBXVariantGroup section */

/* Begin XCBuildConfiguration section */
		5994AF6420063A9600740549 /* Debug */ = {
			isa = XCBuildConfiguration;
			buildSettings = {
				ALWAYS_SEARCH_USER_PATHS = NO;
				CLANG_ANALYZER_NONNULL = YES;
				CLANG_ANALYZER_NUMBER_OBJECT_CONVERSION = YES_AGGRESSIVE;
				CLANG_CXX_LANGUAGE_STANDARD = "gnu++14";
				CLANG_CXX_LIBRARY = "libc++";
				CLANG_ENABLE_MODULES = YES;
				CLANG_ENABLE_OBJC_ARC = YES;
				CLANG_WARN_BLOCK_CAPTURE_AUTORELEASING = YES;
				CLANG_WARN_BOOL_CONVERSION = YES;
				CLANG_WARN_COMMA = YES;
				CLANG_WARN_CONSTANT_CONVERSION = YES;
				CLANG_WARN_DIRECT_OBJC_ISA_USAGE = YES_ERROR;
				CLANG_WARN_DOCUMENTATION_COMMENTS = YES;
				CLANG_WARN_EMPTY_BODY = YES;
				CLANG_WARN_ENUM_CONVERSION = YES;
				CLANG_WARN_INFINITE_RECURSION = YES;
				CLANG_WARN_INT_CONVERSION = YES;
				CLANG_WARN_NON_LITERAL_NULL_CONVERSION = YES;
				CLANG_WARN_OBJC_LITERAL_CONVERSION = YES;
				CLANG_WARN_OBJC_ROOT_CLASS = YES_ERROR;
				CLANG_WARN_RANGE_LOOP_ANALYSIS = YES;
				CLANG_WARN_STRICT_PROTOTYPES = YES;
				CLANG_WARN_SUSPICIOUS_MOVE = YES;
				CLANG_WARN_UNGUARDED_AVAILABILITY = YES_AGGRESSIVE;
				CLANG_WARN_UNREACHABLE_CODE = YES;
				CLANG_WARN__DUPLICATE_METHOD_MATCH = YES;
				CODE_SIGN_IDENTITY = "iPhone Developer";
				COPY_PHASE_STRIP = NO;
				DEBUG_INFORMATION_FORMAT = dwarf;
				ENABLE_STRICT_OBJC_MSGSEND = YES;
				ENABLE_TESTABILITY = YES;
				GCC_C_LANGUAGE_STANDARD = gnu11;
				GCC_DYNAMIC_NO_PIC = NO;
				GCC_NO_COMMON_BLOCKS = YES;
				GCC_OPTIMIZATION_LEVEL = 0;
				GCC_PREPROCESSOR_DEFINITIONS = (
					"DEBUG=1",
					"$(inherited)",
				);
				GCC_WARN_64_TO_32_BIT_CONVERSION = YES;
				GCC_WARN_ABOUT_RETURN_TYPE = YES_ERROR;
				GCC_WARN_UNDECLARED_SELECTOR = YES;
				GCC_WARN_UNINITIALIZED_AUTOS = YES_AGGRESSIVE;
				GCC_WARN_UNUSED_FUNCTION = YES;
				GCC_WARN_UNUSED_VARIABLE = YES;
				IPHONEOS_DEPLOYMENT_TARGET = 11.2;
				MTL_ENABLE_DEBUG_INFO = YES;
				ONLY_ACTIVE_ARCH = YES;
				SDKROOT = iphoneos;
				SWIFT_ACTIVE_COMPILATION_CONDITIONS = DEBUG;
				SWIFT_OPTIMIZATION_LEVEL = "-Onone";
			};
			name = Debug;
		};
		5994AF6520063A9600740549 /* Release */ = {
			isa = XCBuildConfiguration;
			buildSettings = {
				ALWAYS_SEARCH_USER_PATHS = NO;
				CLANG_ANALYZER_NONNULL = YES;
				CLANG_ANALYZER_NUMBER_OBJECT_CONVERSION = YES_AGGRESSIVE;
				CLANG_CXX_LANGUAGE_STANDARD = "gnu++14";
				CLANG_CXX_LIBRARY = "libc++";
				CLANG_ENABLE_MODULES = YES;
				CLANG_ENABLE_OBJC_ARC = YES;
				CLANG_WARN_BLOCK_CAPTURE_AUTORELEASING = YES;
				CLANG_WARN_BOOL_CONVERSION = YES;
				CLANG_WARN_COMMA = YES;
				CLANG_WARN_CONSTANT_CONVERSION = YES;
				CLANG_WARN_DIRECT_OBJC_ISA_USAGE = YES_ERROR;
				CLANG_WARN_DOCUMENTATION_COMMENTS = YES;
				CLANG_WARN_EMPTY_BODY = YES;
				CLANG_WARN_ENUM_CONVERSION = YES;
				CLANG_WARN_INFINITE_RECURSION = YES;
				CLANG_WARN_INT_CONVERSION = YES;
				CLANG_WARN_NON_LITERAL_NULL_CONVERSION = YES;
				CLANG_WARN_OBJC_LITERAL_CONVERSION = YES;
				CLANG_WARN_OBJC_ROOT_CLASS = YES_ERROR;
				CLANG_WARN_RANGE_LOOP_ANALYSIS = YES;
				CLANG_WARN_STRICT_PROTOTYPES = YES;
				CLANG_WARN_SUSPICIOUS_MOVE = YES;
				CLANG_WARN_UNGUARDED_AVAILABILITY = YES_AGGRESSIVE;
				CLANG_WARN_UNREACHABLE_CODE = YES;
				CLANG_WARN__DUPLICATE_METHOD_MATCH = YES;
				CODE_SIGN_IDENTITY = "iPhone Developer";
				COPY_PHASE_STRIP = NO;
				DEBUG_INFORMATION_FORMAT = "dwarf-with-dsym";
				ENABLE_NS_ASSERTIONS = NO;
				ENABLE_STRICT_OBJC_MSGSEND = YES;
				GCC_C_LANGUAGE_STANDARD = gnu11;
				GCC_NO_COMMON_BLOCKS = YES;
				GCC_WARN_64_TO_32_BIT_CONVERSION = YES;
				GCC_WARN_ABOUT_RETURN_TYPE = YES_ERROR;
				GCC_WARN_UNDECLARED_SELECTOR = YES;
				GCC_WARN_UNINITIALIZED_AUTOS = YES_AGGRESSIVE;
				GCC_WARN_UNUSED_FUNCTION = YES;
				GCC_WARN_UNUSED_VARIABLE = YES;
				IPHONEOS_DEPLOYMENT_TARGET = 11.2;
				MTL_ENABLE_DEBUG_INFO = NO;
				SDKROOT = iphoneos;
				SWIFT_OPTIMIZATION_LEVEL = "-Owholemodule";
				VALIDATE_PRODUCT = YES;
			};
			name = Release;
		};
		5994AF6720063A9600740549 /* Debug */ = {
			isa = XCBuildConfiguration;
			buildSettings = {
				ASSETCATALOG_COMPILER_APPICON_NAME = AppIcon;
				CODE_SIGN_STYLE = Automatic;
				DEVELOPMENT_TEAM = NZM2KGSGM8;
				INFOPLIST_FILE = TrainAlarm/Info.plist;
				LD_RUNPATH_SEARCH_PATHS = "$(inherited) @executable_path/Frameworks";
				PRODUCT_BUNDLE_IDENTIFIER = com.yoshi.TrainAlarm;
				PRODUCT_NAME = "$(TARGET_NAME)";
				SWIFT_VERSION = 4.0;
				TARGETED_DEVICE_FAMILY = "1,2";
			};
			name = Debug;
		};
		5994AF6820063A9600740549 /* Release */ = {
			isa = XCBuildConfiguration;
			buildSettings = {
				ASSETCATALOG_COMPILER_APPICON_NAME = AppIcon;
				CODE_SIGN_STYLE = Automatic;
				DEVELOPMENT_TEAM = NZM2KGSGM8;
				INFOPLIST_FILE = TrainAlarm/Info.plist;
				LD_RUNPATH_SEARCH_PATHS = "$(inherited) @executable_path/Frameworks";
				PRODUCT_BUNDLE_IDENTIFIER = com.yoshi.TrainAlarm;
				PRODUCT_NAME = "$(TARGET_NAME)";
				SWIFT_VERSION = 4.0;
				TARGETED_DEVICE_FAMILY = "1,2";
			};
			name = Release;
		};
/* End XCBuildConfiguration section */

/* Begin XCConfigurationList section */
		5994AF4F20063A9600740549 /* Build configuration list for PBXProject "TrainAlarm" */ = {
			isa = XCConfigurationList;
			buildConfigurations = (
				5994AF6420063A9600740549 /* Debug */,
				5994AF6520063A9600740549 /* Release */,
			);
			defaultConfigurationIsVisible = 0;
			defaultConfigurationName = Release;
		};
		5994AF6620063A9600740549 /* Build configuration list for PBXNativeTarget "TrainAlarm" */ = {
			isa = XCConfigurationList;
			buildConfigurations = (
				5994AF6720063A9600740549 /* Debug */,
				5994AF6820063A9600740549 /* Release */,
			);
			defaultConfigurationIsVisible = 0;
			defaultConfigurationName = Release;
		};
/* End XCConfigurationList section */
	};
	rootObject = 5994AF4C20063A9600740549 /* Project object */;
}
